
Microsoft Visual Studio Solution File, Format Version 12.00
# Visual Studio Version 17
VisualStudioVersion = 17.2.32516.85
MinimumVisualStudioVersion = 10.0.40219.1
Project("{FAE04EC0-301F-11D3-BF4B-00C04F79EFBC}") = "EbaresMobile.Android", "EbaresMobile\EbaresMobile.Android\EbaresMobile.Android.csproj", "{AD3444D2-2908-4748-B39D-4CB1183E35FB}"
EndProject
Project("{FAE04EC0-301F-11D3-BF4B-00C04F79EFBC}") = "EbaresMobile", "EbaresMobile\EbaresMobile\EbaresMobile.csproj", "{C6B8BA8E-F5D2-4F94-823C-B62C85C23EA2}"
EndProject
Global
	GlobalSection(SolutionConfigurationPlatforms) = preSolution
		Debug|Any CPU = Debug|Any CPU
		Release|Any CPU = Release|Any CPU
	EndGlobalSection
	GlobalSection(ProjectConfigurationPlatforms) = postSolution
		{AD3444D2-2908-4748-B39D-4CB1183E35FB}.Debug|Any CPU.ActiveCfg = Debug|Any CPU
		{AD3444D2-2908-4748-B39D-4CB1183E35FB}.Debug|Any CPU.Build.0 = Debug|Any CPU
		{AD3444D2-2908-4748-B39D-4CB1183E35FB}.Debug|Any CPU.Deploy.0 = Debug|Any CPU
		{AD3444D2-2908-4748-B39D-4CB1183E35FB}.Release|Any CPU.ActiveCfg = Release|Any CPU
		{AD3444D2-2908-4748-B39D-4CB1183E35FB}.Release|Any CPU.Build.0 = Release|Any CPU
		{AD3444D2-2908-4748-B39D-4CB1183E35FB}.Release|Any CPU.Deploy.0 = Release|Any CPU
		{C6B8BA8E-F5D2-4F94-823C-B62C85C23EA2}.Debug|Any CPU.ActiveCfg = Debug|Any CPU
		{C6B8BA8E-F5D2-4F94-823C-B62C85C23EA2}.Debug|Any CPU.Build.0 = Debug|Any CPU
		{C6B8BA8E-F5D2-4F94-823C-B62C85C23EA2}.Debug|Any CPU.Deploy.0 = Debug|Any CPU
		{C6B8BA8E-F5D2-4F94-823C-B62C85C23EA2}.Release|Any CPU.ActiveCfg = Release|Any CPU
		{C6B8BA8E-F5D2-4F94-823C-B62C85C23EA2}.Release|Any CPU.Build.0 = Release|Any CPU
		{C6B8BA8E-F5D2-4F94-823C-B62C85C23EA2}.Release|Any CPU.Deploy.0 = Release|Any CPU
	EndGlobalSection
	GlobalSection(SolutionProperties) = preSolution
		HideSolutionNode = FALSE
	EndGlobalSection
	GlobalSection(ExtensibilityGlobals) = postSolution
		SolutionGuid = {5C027227-7DD3-4A7D-A54B-F342FB9C9F5C}
	EndGlobalSection
EndGlobal
